
Microsoft Visual Studio Solution File, Format Version 12.00
# Visual Studio Version 17
VisualStudioVersion = 17.11.35312.102
MinimumVisualStudioVersion = 10.0.40219.1
Project("{FAE04EC0-301F-11D3-BF4B-00C04F79EFBC}") = "MagosHogwarts", "MagosHogwarts.csproj", "{A309B727-EFA4-41EA-B43B-40703D1185E2}"
EndProject
Global
	GlobalSection(SolutionConfigurationPlatforms) = preSolution
		Debug|Any CPU = Debug|Any CPU
		Release|Any CPU = Release|Any CPU
	EndGlobalSection
	GlobalSection(ProjectConfigurationPlatforms) = postSolution
		{A309B727-EFA4-41EA-B43B-40703D1185E2}.Debug|Any CPU.ActiveCfg = Debug|Any CPU
		{A309B727-EFA4-41EA-B43B-40703D1185E2}.Debug|Any CPU.Build.0 = Debug|Any CPU
		{A309B727-EFA4-41EA-B43B-40703D1185E2}.Release|Any CPU.ActiveCfg = Release|Any CPU
		{A309B727-EFA4-41EA-B43B-40703D1185E2}.Release|Any CPU.Build.0 = Release|Any CPU
	EndGlobalSection
	GlobalSection(SolutionProperties) = preSolution
		HideSolutionNode = FALSE
	EndGlobalSection
	GlobalSection(ExtensibilityGlobals) = postSolution
		SolutionGuid = {E366C5F1-CB9B-4C0B-8AB3-91683712E94D}
	EndGlobalSection
EndGlobal
